# This file is automatically @generated by Cargo.
# It is not intended for manual editing.
version = 4

[[package]]
name = "keld-cli"
version = "0.1.0"
dependencies = [
 "keld-flow",
 "keld-interpreter",
 "keld-ir",
 "keld-lifecycle",
 "keld-semantics",
 "keld-source",
 "keld-syntax",
]

[[package]]
name = "keld-flow"
version = "0.1.0"
dependencies = [
 "keld-numeric",
 "keld-semantics",
 "keld-source",
]

[[package]]
name = "keld-interpreter"
version = "0.1.0"
dependencies = [
 "keld-flow",
 "keld-ir",
 "keld-lifecycle",
 "keld-numeric",
 "keld-runtime",
 "keld-semantics",
 "keld-source",
]

[[package]]
name = "keld-ir"
version = "0.1.0"
dependencies = [
 "keld-flow",
 "keld-lifecycle",
 "keld-numeric",
 "keld-semantics",
 "keld-source",
]

[[package]]
name = "keld-lifecycle"
version = "0.1.0"
dependencies = [
 "keld-flow",
 "keld-semantics",
 "keld-source",
]

[[package]]
name = "keld-numeric"
version = "0.1.0"

[[package]]
name = "keld-runtime"
version = "0.1.0"

[[package]]
name = "keld-semantics"
version = "0.1.0"
dependencies = [
 "keld-numeric",
 "keld-source",
 "keld-syntax",
]

[[package]]
name = "keld-source"
version = "0.1.0"

[[package]]
name = "keld-syntax"
version = "0.1.0"
dependencies = [
 "keld-source",
]
