# This file is automatically @generated by Cargo.
# It is not intended for manual editing.
version = 4

[[package]]
name = "keld-numeric"
version = "0.1.0"

[[package]]
name = "keld-semantics"
version = "0.1.0"
dependencies = [
 "keld-numeric",
 "keld-source",
 "keld-syntax",
]

[[package]]
name = "keld-source"
version = "0.1.0"

[[package]]
name = "keld-syntax"
version = "0.1.0"
dependencies = [
 "keld-source",
]
