# This file is automatically @generated by Cargo.
# It is not intended for manual editing.
version = 4

[[package]]
name = "anyhow"
version = "1.0.104"
source = "registry+https://github.com/rust-lang/crates.io-index"
checksum = "330a5ed07fa54e4702c9d6c4174f74427fc0ef6e214bbd677ae50a5099946470"

[[package]]
name = "cc"
version = "1.4.2"
source = "registry+https://github.com/rust-lang/crates.io-index"
checksum = "5d262e149917187838d5b42777c8253bcb64500067342904e7d429499a6f277e"
dependencies = [
 "find-msvc-tools",
 "shlex",
]

[[package]]
name = "find-msvc-tools"
version = "0.1.10"
source = "registry+https://github.com/rust-lang/crates.io-index"
checksum = "26b73573e6edcd2af0cdf47bd6cb58f0b3839491263c314eaad1ccf24430e1de"

[[package]]
name = "keld-cli"
version = "0.1.0"
dependencies = [
 "keld-flow",
 "keld-interpreter",
 "keld-ir",
 "keld-lifecycle",
 "keld-semantics",
 "keld-source",
 "keld-storage",
 "keld-syntax",
]

[[package]]
name = "keld-flow"
version = "0.1.0"
dependencies = [
 "keld-numeric",
 "keld-semantics",
 "keld-source",
]

[[package]]
name = "keld-interpreter"
version = "0.1.0"
dependencies = [
 "keld-flow",
 "keld-ir",
 "keld-lifecycle",
 "keld-numeric",
 "keld-runtime",
 "keld-semantics",
 "keld-source",
 "keld-storage",
 "stats_alloc",
]

[[package]]
name = "keld-ir"
version = "0.1.0"
dependencies = [
 "keld-flow",
 "keld-lifecycle",
 "keld-numeric",
 "keld-semantics",
 "keld-source",
 "keld-storage",
]

[[package]]
name = "keld-lifecycle"
version = "0.1.0"
dependencies = [
 "keld-flow",
 "keld-semantics",
 "keld-source",
]

[[package]]
name = "keld-native-abi"
version = "0.1.0"

[[package]]
name = "keld-native-backend"
version = "0.1.0"
dependencies = [
 "keld-ir",
 "keld-native-abi",
 "keld-native-llvm",
 "keld-semantics",
 "keld-source",
]

[[package]]
name = "keld-native-ffi"
version = "0.1.0"
dependencies = [
 "keld-native-abi",
]

[[package]]
name = "keld-native-llvm"
version = "0.1.0"
dependencies = [
 "llvm-sys",
]

[[package]]
name = "keld-native-runtime"
version = "0.1.0"
dependencies = [
 "keld-native-abi",
 "keld-runtime",
]

[[package]]
name = "keld-native-toolchain"
version = "0.1.0"

[[package]]
name = "keld-numeric"
version = "0.1.0"

[[package]]
name = "keld-runtime"
version = "0.1.0"

[[package]]
name = "keld-semantics"
version = "0.1.0"
dependencies = [
 "keld-numeric",
 "keld-source",
 "keld-syntax",
]

[[package]]
name = "keld-source"
version = "0.1.0"

[[package]]
name = "keld-storage"
version = "0.1.0"
dependencies = [
 "keld-flow",
 "keld-lifecycle",
 "keld-semantics",
 "keld-source",
]

[[package]]
name = "keld-syntax"
version = "0.1.0"
dependencies = [
 "keld-source",
]

[[package]]
name = "lazy_static"
version = "1.5.0"
source = "registry+https://github.com/rust-lang/crates.io-index"
checksum = "bbd2bcb4c963f2ddae06a2efc7e9f3591312473c50c6685e1f298068316e66fe"

[[package]]
name = "libc"
version = "0.2.189"
source = "registry+https://github.com/rust-lang/crates.io-index"
checksum = "3eaf3ede3fee6db1a4c2ee091bf8a8b4dccdc6d17f656fb07896ee72867612f2"

[[package]]
name = "llvm-sys"
version = "221.0.1"
source = "registry+https://github.com/rust-lang/crates.io-index"
checksum = "2abcc34a3b190f03c2a61b555f218f529589ff13657bdd2ff8ac3e85f2abe6bb"
dependencies = [
 "anyhow",
 "cc",
 "lazy_static",
 "libc",
 "regex-lite",
 "semver",
]

[[package]]
name = "regex-lite"
version = "0.1.9"
source = "registry+https://github.com/rust-lang/crates.io-index"
checksum = "cab834c73d247e67f4fae452806d17d3c7501756d98c8808d7c9c7aa7d18f973"

[[package]]
name = "semver"
version = "1.0.28"
source = "registry+https://github.com/rust-lang/crates.io-index"
checksum = "8a7852d02fc848982e0c167ef163aaff9cd91dc640ba85e263cb1ce46fae51cd"

[[package]]
name = "shlex"
version = "2.0.1"
source = "registry+https://github.com/rust-lang/crates.io-index"
checksum = "f8fadd59c855ef2080decdef8ff161eb6661b86933c9d82e5ba29dc602a55aba"

[[package]]
name = "stats_alloc"
version = "0.1.10"
source = "registry+https://github.com/rust-lang/crates.io-index"
checksum = "5c0e04424e733e69714ca1bbb9204c1a57f09f5493439520f9f68c132ad25eec"
